
Microsoft Visual Studio Solution File, Format Version 12.00
# Visual Studio Version 17
VisualStudioVersion = 17.2.32526.322
MinimumVisualStudioVersion = 10.0.40219.1
Project("{FAE04EC0-301F-11D3-BF4B-00C04F79EFBC}") = "iBOX_UpdateCamBase", "iBOX_UpdateCamBase.csproj", "{DB4DE1C3-719D-4B40-98F2-35E30A4B62EF}"
EndProject
Global
	GlobalSection(SolutionConfigurationPlatforms) = preSolution
		Debug|Any CPU = Debug|Any CPU
		Release|Any CPU = Release|Any CPU
	EndGlobalSection
	GlobalSection(ProjectConfigurationPlatforms) = postSolution
		{DB4DE1C3-719D-4B40-98F2-35E30A4B62EF}.Debug|Any CPU.ActiveCfg = Debug|Any CPU
		{DB4DE1C3-719D-4B40-98F2-35E30A4B62EF}.Debug|Any CPU.Build.0 = Debug|Any CPU
		{DB4DE1C3-719D-4B40-98F2-35E30A4B62EF}.Release|Any CPU.ActiveCfg = Release|Any CPU
		{DB4DE1C3-719D-4B40-98F2-35E30A4B62EF}.Release|Any CPU.Build.0 = Release|Any CPU
	EndGlobalSection
	GlobalSection(SolutionProperties) = preSolution
		HideSolutionNode = FALSE
	EndGlobalSection
	GlobalSection(ExtensibilityGlobals) = postSolution
		SolutionGuid = {10C34BAE-A13D-4BCB-ACB2-98C2F21DE372}
	EndGlobalSection
EndGlobal
